
Microsoft Visual Studio Solution File, Format Version 12.00
# Visual Studio Version 17
VisualStudioVersion = 17.5.33530.505
MinimumVisualStudioVersion = 10.0.40219.1
Project("{FAE04EC0-301F-11D3-BF4B-00C04F79EFBC}") = "QZ4_webapp", "QZ4_webapp\QZ4_webapp.csproj", "{0EB96E76-A518-48A1-A1A3-B008A9D6EFA4}"
EndProject
Global
	GlobalSection(SolutionConfigurationPlatforms) = preSolution
		Debug|Any CPU = Debug|Any CPU
		Release|Any CPU = Release|Any CPU
	EndGlobalSection
	GlobalSection(ProjectConfigurationPlatforms) = postSolution
		{0EB96E76-A518-48A1-A1A3-B008A9D6EFA4}.Debug|Any CPU.ActiveCfg = Debug|Any CPU
		{0EB96E76-A518-48A1-A1A3-B008A9D6EFA4}.Debug|Any CPU.Build.0 = Debug|Any CPU
		{0EB96E76-A518-48A1-A1A3-B008A9D6EFA4}.Release|Any CPU.ActiveCfg = Release|Any CPU
		{0EB96E76-A518-48A1-A1A3-B008A9D6EFA4}.Release|Any CPU.Build.0 = Release|Any CPU
	EndGlobalSection
	GlobalSection(SolutionProperties) = preSolution
		HideSolutionNode = FALSE
	EndGlobalSection
	GlobalSection(ExtensibilityGlobals) = postSolution
		SolutionGuid = {138877D6-A3B4-40F7-92B5-38CF3A83ECCC}
	EndGlobalSection
EndGlobal
